# THIS IS AN AUTOGENERATED FILE. DO NOT EDIT THIS FILE DIRECTLY.
# yarn lockfile v1


"@ggcity/leaflet-geojson@0.7.0", "@ggcity/leaflet-geojson@^0.6.0":
  version "0.7.0"
  resolved "https://registry.yarnpkg.com/@ggcity/leaflet-geojson/-/leaflet-geojson-0.7.0.tgz#ee3dad6df279f697012476fd43ac1083637b765a"
  dependencies:
    "@polymer/polymer" "3.0.0-pre.1"
    leaflet "^1.2.0"
    leaflet.markercluster "^1.3.0"

"@ggcity/leaflet-map@0.6.0", "@ggcity/leaflet-map@^0.5.0":
  version "0.6.0"
  resolved "https://registry.yarnpkg.com/@ggcity/leaflet-map/-/leaflet-map-0.6.0.tgz#edb9ff103522f37b70b94a66a868235d2bd9dbc1"
  dependencies:
    "@polymer/polymer" next
    leaflet "^1.3.1"

"@ggcity/leaflet-tile-layer@0.6.0", "@ggcity/leaflet-tile-layer@^0.5.0":
  version "0.6.0"
  resolved "https://registry.yarnpkg.com/@ggcity/leaflet-tile-layer/-/leaflet-tile-layer-0.6.0.tgz#beed3051cf915ad00f4c3b4cf108db16a9b40dcb"
  dependencies:
    "@ggcity/leaflet-map" "^0.5.0"
    "@polymer/polymer" "3.0.0-pre.1"
    leaflet "^1.3.1"

"@ggcity/leaflet-wms@0.6.0", "@ggcity/leaflet-wms@^0.5.0":
  version "0.6.0"
  resolved "https://registry.yarnpkg.com/@ggcity/leaflet-wms/-/leaflet-wms-0.6.0.tgz#4d7c7783e0fa83a5d8c6d6155ef076841b6c9d46"
  dependencies:
    "@ggcity/leaflet-map" "^0.5.0"
    "@polymer/polymer" next
    leaflet "^1.3.1"

"@ggcity/map-viewer@1.0.6":
  version "1.0.6"
  resolved "https://registry.yarnpkg.com/@ggcity/map-viewer/-/map-viewer-1.0.6.tgz#68e4f1709d83f3d4c16b16ff1d0fc6b17a9b4f02"
  dependencies:
    "@ggcity/leaflet-geojson" "^0.6.0"
    "@ggcity/leaflet-map" "^0.5.0"
    "@ggcity/leaflet-tile-layer" "^0.5.0"
    "@ggcity/leaflet-wms" "^0.5.0"
    "@polymer/paper-toggle-button" PolymerElements/paper-toggle-button#3.0-preview
    "@polymer/polymer" "3.0.0-pre.1"
    js-yaml "^3.10.0"
    leaflet "^1.3.1"

"@polymer/font-roboto@^3.0.0-pre.10":
  version "3.0.0-pre.10"
  resolved "https://registry.yarnpkg.com/@polymer/font-roboto/-/font-roboto-3.0.0-pre.10.tgz#24489cac9a556d4b5d119749ff48a703350cabc2"

"@polymer/iron-a11y-keys-behavior@^3.0.0-pre.10":
  version "3.0.0-pre.10"
  resolved "https://registry.yarnpkg.com/@polymer/iron-a11y-keys-behavior/-/iron-a11y-keys-behavior-3.0.0-pre.10.tgz#87c861f04a77650c3748164d97141ca71f303d67"
  dependencies:
    "@polymer/polymer" "^3.0.0-pre.10"

"@polymer/iron-behaviors@^3.0.0-pre.10":
  version "3.0.0-pre.10"
  resolved "https://registry.yarnpkg.com/@polymer/iron-behaviors/-/iron-behaviors-3.0.0-pre.10.tgz#cca3ce8d9b6292b26595264c2bdb2e88a5c3cbf1"
  dependencies:
    "@polymer/iron-a11y-keys-behavior" "^3.0.0-pre.10"
    "@polymer/polymer" "^3.0.0-pre.10"

"@polymer/iron-checked-element-behavior@^3.0.0-pre.1", "@polymer/iron-checked-element-behavior@^3.0.0-pre.10":
  version "3.0.0-pre.10"
  resolved "https://registry.yarnpkg.com/@polymer/iron-checked-element-behavior/-/iron-checked-element-behavior-3.0.0-pre.10.tgz#3f30707e9fed1c88ac9f9d6b2787f73eb35fc8a5"
  dependencies:
    "@polymer/iron-form-element-behavior" "^3.0.0-pre.10"
    "@polymer/iron-validatable-behavior" "^3.0.0-pre.10"
    "@polymer/polymer" "^3.0.0-pre.10"

"@polymer/iron-flex-layout@^3.0.0-pre.10":
  version "3.0.0-pre.10"
  resolved "https://registry.yarnpkg.com/@polymer/iron-flex-layout/-/iron-flex-layout-3.0.0-pre.10.tgz#3436278e5ba65d423e3bdb1a7682e1611709c23f"
  dependencies:
    "@polymer/polymer" "^3.0.0-pre.10"

"@polymer/iron-form-element-behavior@^3.0.0-pre.10":
  version "3.0.0-pre.10"
  resolved "https://registry.yarnpkg.com/@polymer/iron-form-element-behavior/-/iron-form-element-behavior-3.0.0-pre.10.tgz#6e42f21128e8375b82613f30c592f299704639bc"
  dependencies:
    "@polymer/polymer" "^3.0.0-pre.10"

"@polymer/iron-meta@^3.0.0-pre.10":
  version "3.0.0-pre.10"
  resolved "https://registry.yarnpkg.com/@polymer/iron-meta/-/iron-meta-3.0.0-pre.10.tgz#84bd9216726673b8d7b4617633e8be3f8cacea89"
  dependencies:
    "@polymer/polymer" "^3.0.0-pre.10"

"@polymer/iron-validatable-behavior@^3.0.0-pre.10":
  version "3.0.0-pre.10"
  resolved "https://registry.yarnpkg.com/@polymer/iron-validatable-behavior/-/iron-validatable-behavior-3.0.0-pre.10.tgz#f453e4f4070d749b1838ec9283f0ac3e053f29b5"
  dependencies:
    "@polymer/iron-meta" "^3.0.0-pre.10"
    "@polymer/polymer" "^3.0.0-pre.10"

"@polymer/paper-behaviors@^3.0.0-pre.1":
  version "3.0.0-pre.10"
  resolved "https://registry.yarnpkg.com/@polymer/paper-behaviors/-/paper-behaviors-3.0.0-pre.10.tgz#f725cadeef2058fcbaaa25cec7d969813a6f3e3f"
  dependencies:
    "@polymer/iron-behaviors" "^3.0.0-pre.10"
    "@polymer/iron-checked-element-behavior" "^3.0.0-pre.10"
    "@polymer/paper-ripple" "^3.0.0-pre.10"
    "@polymer/polymer" "^3.0.0-pre.10"

"@polymer/paper-ripple@^3.0.0-pre.10":
  version "3.0.0-pre.10"
  resolved "https://registry.yarnpkg.com/@polymer/paper-ripple/-/paper-ripple-3.0.0-pre.10.tgz#b591d4f813799c88fa4d1fb60bafb89bb71e2115"
  dependencies:
    "@polymer/iron-a11y-keys-behavior" "^3.0.0-pre.10"
    "@polymer/polymer" "^3.0.0-pre.10"

"@polymer/paper-styles@^3.0.0-pre.1":
  version "3.0.0-pre.10"
  resolved "https://registry.yarnpkg.com/@polymer/paper-styles/-/paper-styles-3.0.0-pre.10.tgz#f2e0af7b7a098b32bdb2bafa4368867a1b5daf03"
  dependencies:
    "@polymer/font-roboto" "^3.0.0-pre.10"
    "@polymer/iron-flex-layout" "^3.0.0-pre.10"
    "@polymer/polymer" "^3.0.0-pre.10"

"@polymer/paper-toggle-button@PolymerElements/paper-toggle-button#3.0-preview":
  version "3.0.0-pre.1"
  resolved "https://codeload.github.com/PolymerElements/paper-toggle-button/tar.gz/261a90b7a24b1224a8e4e3aba3ab3c0614b3dc38"
  dependencies:
    "@polymer/iron-checked-element-behavior" "^3.0.0-pre.1"
    "@polymer/paper-behaviors" "^3.0.0-pre.1"
    "@polymer/paper-styles" "^3.0.0-pre.1"
    "@polymer/polymer" "^3.0.0-pre.1"

"@polymer/polymer@3.0.0-pre.1", "@polymer/polymer@^3.0.0-pre.1", "@polymer/polymer@^3.0.0-pre.10", "@polymer/polymer@next":
  version "3.0.0-pre.1"
  resolved "https://registry.yarnpkg.com/@polymer/polymer/-/polymer-3.0.0-pre.1.tgz#9fc26b5259aad9265f324ced02de715991d2eabe"
  dependencies:
    "@webcomponents/shadycss" "^1.0.0"
    "@webcomponents/webcomponentsjs" "^1.0.0"

"@webcomponents/shadycss@^1.0.0":
  version "1.1.1"
  resolved "https://registry.yarnpkg.com/@webcomponents/shadycss/-/shadycss-1.1.1.tgz#abc821961c99a2b1c5e0f225cd01b139899ebc4c"

"@webcomponents/webcomponentsjs@^1.0.0":
  version "1.1.0"
  resolved "https://registry.yarnpkg.com/@webcomponents/webcomponentsjs/-/webcomponentsjs-1.1.0.tgz#1392799c266fca142622a720176f688beb74d181"

argparse@^1.0.7:
  version "1.0.10"
  resolved "https://registry.yarnpkg.com/argparse/-/argparse-1.0.10.tgz#bcd6791ea5ae09725e17e5ad988134cd40b3d911"
  dependencies:
    sprintf-js "~1.0.2"

esprima@^4.0.0:
  version "4.0.0"
  resolved "https://registry.yarnpkg.com/esprima/-/esprima-4.0.0.tgz#4499eddcd1110e0b218bacf2fa7f7f59f55ca804"

js-yaml@^3.10.0:
  version "3.10.0"
  resolved "https://registry.yarnpkg.com/js-yaml/-/js-yaml-3.10.0.tgz#2e78441646bd4682e963f22b6e92823c309c62dc"
  dependencies:
    argparse "^1.0.7"
    esprima "^4.0.0"

leaflet.markercluster@^1.3.0:
  version "1.3.0"
  resolved "https://registry.yarnpkg.com/leaflet.markercluster/-/leaflet.markercluster-1.3.0.tgz#58eb0654e90bd3274a660390ab0bc734212b204d"

leaflet@^1.2.0, leaflet@^1.3.1:
  version "1.3.1"
  resolved "https://registry.yarnpkg.com/leaflet/-/leaflet-1.3.1.tgz#86f336d2fb0e2d0ff446677049a5dc34cf0ea60e"

sprintf-js@~1.0.2:
  version "1.0.3"
  resolved "https://registry.yarnpkg.com/sprintf-js/-/sprintf-js-1.0.3.tgz#04e6926f662895354f3dd015203633b857297e2c"
