# THIS IS AN AUTOGENERATED FILE. DO NOT EDIT THIS FILE DIRECTLY.
# yarn lockfile v1


"@ggcity/leaflet-geojson@^0.6.0":
  version "0.6.0"
  resolved "https://registry.yarnpkg.com/@ggcity/leaflet-geojson/-/leaflet-geojson-0.6.0.tgz#a571713e918e89ad378cfd367681f7a274ef55c8"
  dependencies:
    "@polymer/polymer" next
    leaflet "^1.2.0"
    leaflet.markercluster "^1.3.0"

"@ggcity/leaflet-map@^0.5.0":
  version "0.5.0"
  resolved "https://registry.yarnpkg.com/@ggcity/leaflet-map/-/leaflet-map-0.5.0.tgz#4365bf0b011c700927b23b9612b4c3e76ea8b305"
  dependencies:
    "@polymer/polymer" next
    leaflet "^1.2.0"

"@ggcity/leaflet-tile-layer@^0.5.0":
  version "0.5.0"
  resolved "https://registry.yarnpkg.com/@ggcity/leaflet-tile-layer/-/leaflet-tile-layer-0.5.0.tgz#e5572ab380ac76fce6b08e6fa26dd2427186b4f0"
  dependencies:
    "@ggcity/leaflet-map" "^0.5.0"
    "@polymer/polymer" next
    leaflet "^1.2.0"

"@ggcity/leaflet-wms@^0.5.0":
  version "0.5.0"
  resolved "https://registry.yarnpkg.com/@ggcity/leaflet-wms/-/leaflet-wms-0.5.0.tgz#3e15984b7bd8bf8202ae9c0e2fdbf6908e1b1b84"
  dependencies:
    "@ggcity/leaflet-map" "^0.5.0"
    "@polymer/polymer" next
    leaflet "^1.2.0"

"@ggcity/map-viewer@1.0.6":
  version "1.0.6"
  resolved "https://registry.yarnpkg.com/@ggcity/map-viewer/-/map-viewer-1.0.6.tgz#68e4f1709d83f3d4c16b16ff1d0fc6b17a9b4f02"
  dependencies:
    "@ggcity/leaflet-geojson" "^0.6.0"
    "@ggcity/leaflet-map" "^0.5.0"
    "@ggcity/leaflet-tile-layer" "^0.5.0"
    "@ggcity/leaflet-wms" "^0.5.0"
    "@polymer/paper-toggle-button" PolymerElements/paper-toggle-button#3.0-preview
    "@polymer/polymer" "3.0.0-pre.1"
    js-yaml "^3.10.0"
    leaflet "^1.3.1"

"@polymer/font-roboto@^3.0.0-pre.19":
  version "3.0.0-pre.19"
  resolved "https://registry.yarnpkg.com/@polymer/font-roboto/-/font-roboto-3.0.0-pre.19.tgz#d67384a000eebb2632c00c268182a8528aca4a7c"

"@polymer/iron-a11y-keys-behavior@^3.0.0-pre.19":
  version "3.0.0-pre.19"
  resolved "https://registry.yarnpkg.com/@polymer/iron-a11y-keys-behavior/-/iron-a11y-keys-behavior-3.0.0-pre.19.tgz#4a335111c773af9c4376237be483ee196ab2d966"
  dependencies:
    "@polymer/polymer" "^3.0.0"

"@polymer/iron-behaviors@^3.0.0-pre.19":
  version "3.0.0-pre.19"
  resolved "https://registry.yarnpkg.com/@polymer/iron-behaviors/-/iron-behaviors-3.0.0-pre.19.tgz#0f44cf7068f9d581b896980f18556706ea0c6eaa"
  dependencies:
    "@polymer/iron-a11y-keys-behavior" "^3.0.0-pre.19"
    "@polymer/polymer" "^3.0.0"

"@polymer/iron-checked-element-behavior@^3.0.0-pre.1", "@polymer/iron-checked-element-behavior@^3.0.0-pre.19":
  version "3.0.0-pre.19"
  resolved "https://registry.yarnpkg.com/@polymer/iron-checked-element-behavior/-/iron-checked-element-behavior-3.0.0-pre.19.tgz#c79c8529c7bddf8b3fc5da1e81c938a286e424aa"
  dependencies:
    "@polymer/iron-form-element-behavior" "^3.0.0-pre.19"
    "@polymer/iron-validatable-behavior" "^3.0.0-pre.19"
    "@polymer/polymer" "^3.0.0"

"@polymer/iron-flex-layout@^3.0.0-pre.19":
  version "3.0.0-pre.19"
  resolved "https://registry.yarnpkg.com/@polymer/iron-flex-layout/-/iron-flex-layout-3.0.0-pre.19.tgz#35f633ab4d4e14e44650722729128e4f5968c1e9"
  dependencies:
    "@polymer/polymer" "^3.0.0"

"@polymer/iron-form-element-behavior@^3.0.0-pre.19":
  version "3.0.0-pre.19"
  resolved "https://registry.yarnpkg.com/@polymer/iron-form-element-behavior/-/iron-form-element-behavior-3.0.0-pre.19.tgz#0fee7892af6a79cea7ef7ef1c7f738ac9f916ec6"
  dependencies:
    "@polymer/polymer" "^3.0.0"

"@polymer/iron-meta@^3.0.0-pre.19":
  version "3.0.0-pre.19"
  resolved "https://registry.yarnpkg.com/@polymer/iron-meta/-/iron-meta-3.0.0-pre.19.tgz#c4a70c235b87679f3487429ca69e071aacc3d002"
  dependencies:
    "@polymer/polymer" "^3.0.0"

"@polymer/iron-validatable-behavior@^3.0.0-pre.19":
  version "3.0.0-pre.19"
  resolved "https://registry.yarnpkg.com/@polymer/iron-validatable-behavior/-/iron-validatable-behavior-3.0.0-pre.19.tgz#2168f83466e85a2caa329f0b9db7060d2de38a7d"
  dependencies:
    "@polymer/iron-meta" "^3.0.0-pre.19"
    "@polymer/polymer" "^3.0.0"

"@polymer/paper-behaviors@^3.0.0-pre.1":
  version "3.0.0-pre.19"
  resolved "https://registry.yarnpkg.com/@polymer/paper-behaviors/-/paper-behaviors-3.0.0-pre.19.tgz#02fdf0accf86f3f3836b82e333776ca5e9eeb25a"
  dependencies:
    "@polymer/iron-behaviors" "^3.0.0-pre.19"
    "@polymer/iron-checked-element-behavior" "^3.0.0-pre.19"
    "@polymer/paper-ripple" "^3.0.0-pre.19"
    "@polymer/polymer" "^3.0.0"

"@polymer/paper-ripple@^3.0.0-pre.19":
  version "3.0.0-pre.19"
  resolved "https://registry.yarnpkg.com/@polymer/paper-ripple/-/paper-ripple-3.0.0-pre.19.tgz#9e72d59d07c954a0e3de70b44a12c66a508b80ee"
  dependencies:
    "@polymer/iron-a11y-keys-behavior" "^3.0.0-pre.19"
    "@polymer/polymer" "^3.0.0"

"@polymer/paper-styles@^3.0.0-pre.1":
  version "3.0.0-pre.19"
  resolved "https://registry.yarnpkg.com/@polymer/paper-styles/-/paper-styles-3.0.0-pre.19.tgz#72ba066b0de9153d835639ebe63ce2afbe5425b0"
  dependencies:
    "@polymer/font-roboto" "^3.0.0-pre.19"
    "@polymer/iron-flex-layout" "^3.0.0-pre.19"
    "@polymer/polymer" "^3.0.0"

"@polymer/paper-toggle-button@github:polymerelements/paper-toggle-button#3.0-preview":
  version "3.0.0-pre.1"
  resolved "https://codeload.github.com/polymerelements/paper-toggle-button/tar.gz/261a90b7a24b1224a8e4e3aba3ab3c0614b3dc38"
  dependencies:
    "@polymer/iron-checked-element-behavior" "^3.0.0-pre.1"
    "@polymer/paper-behaviors" "^3.0.0-pre.1"
    "@polymer/paper-styles" "^3.0.0-pre.1"
    "@polymer/polymer" "^3.0.0-pre.1"

"@polymer/polymer@3.0.0-pre.1", "@polymer/polymer@^3.0.0", "@polymer/polymer@^3.0.0-pre.1", "@polymer/polymer@next":
  version "3.0.0-pre.1"
  resolved "https://registry.yarnpkg.com/@polymer/polymer/-/polymer-3.0.0-pre.1.tgz#9fc26b5259aad9265f324ced02de715991d2eabe"
  dependencies:
    "@webcomponents/shadycss" "^1.0.0"
    "@webcomponents/webcomponentsjs" "^1.0.0"

"@webcomponents/shadycss@1.1.3", "@webcomponents/shadycss@^1.0.0", "@webcomponents/shadycss@^1.2.0":
  version "1.1.3"
  resolved "https://registry.yarnpkg.com/@webcomponents/shadycss/-/shadycss-1.1.3.tgz#6d4c7d2d842de9dba1b3ac5cc051938b8439c043"

"@webcomponents/webcomponentsjs@^1.0.0":
  version "1.2.0"
  resolved "https://registry.yarnpkg.com/@webcomponents/webcomponentsjs/-/webcomponentsjs-1.2.0.tgz#c9e129340c3e4637f5fa6505e968e85face7bd5b"

argparse@^1.0.7:
  version "1.0.10"
  resolved "https://registry.yarnpkg.com/argparse/-/argparse-1.0.10.tgz#bcd6791ea5ae09725e17e5ad988134cd40b3d911"
  dependencies:
    sprintf-js "~1.0.2"

esprima@^4.0.0:
  version "4.0.0"
  resolved "https://registry.yarnpkg.com/esprima/-/esprima-4.0.0.tgz#4499eddcd1110e0b218bacf2fa7f7f59f55ca804"

js-yaml@^3.10.0:
  version "3.11.0"
  resolved "https://registry.yarnpkg.com/js-yaml/-/js-yaml-3.11.0.tgz#597c1a8bd57152f26d622ce4117851a51f5ebaef"
  dependencies:
    argparse "^1.0.7"
    esprima "^4.0.0"

leaflet.markercluster@^1.3.0:
  version "1.3.0"
  resolved "https://registry.yarnpkg.com/leaflet.markercluster/-/leaflet.markercluster-1.3.0.tgz#58eb0654e90bd3274a660390ab0bc734212b204d"

leaflet@^1.2.0, leaflet@^1.3.1:
  version "1.3.1"
  resolved "https://registry.yarnpkg.com/leaflet/-/leaflet-1.3.1.tgz#86f336d2fb0e2d0ff446677049a5dc34cf0ea60e"

sprintf-js@~1.0.2:
  version "1.0.3"
  resolved "https://registry.yarnpkg.com/sprintf-js/-/sprintf-js-1.0.3.tgz#04e6926f662895354f3dd015203633b857297e2c"
